
Microsoft Visual Studio Solution File, Format Version 12.00
# Visual Studio Version 17
VisualStudioVersion = 17.2.32526.322
MinimumVisualStudioVersion = 10.0.40219.1
Project("{9A19103F-16F7-4668-BE54-9A1E7A4F7556}") = "NiTiS.RPGBot", "NiTiS.RPGBot\NiTiS.RPGBot.csproj", "{7CAAD7E7-BE59-40F9-AA11-3A3231BC3029}"
EndProject
Project("{9A19103F-16F7-4668-BE54-9A1E7A4F7556}") = "BotRunner", "BotRunner\BotRunner.csproj", "{779D3B1C-1CA1-4216-8AA4-C861426898DD}"
EndProject
Project("{9A19103F-16F7-4668-BE54-9A1E7A4F7556}") = "NiTiS.Registry", "..\DotNetLibs\NiTiS.Registry\Source\NiTiS.Registry.csproj", "{A3F03905-032A-49E0-90D6-3CF5CDF72A37}"
EndProject
Global
	GlobalSection(SolutionConfigurationPlatforms) = preSolution
		Debug|Any CPU = Debug|Any CPU
		Release|Any CPU = Release|Any CPU
	EndGlobalSection
	GlobalSection(ProjectConfigurationPlatforms) = postSolution
		{7CAAD7E7-BE59-40F9-AA11-3A3231BC3029}.Debug|Any CPU.ActiveCfg = Debug|Any CPU
		{7CAAD7E7-BE59-40F9-AA11-3A3231BC3029}.Debug|Any CPU.Build.0 = Debug|Any CPU
		{7CAAD7E7-BE59-40F9-AA11-3A3231BC3029}.Release|Any CPU.ActiveCfg = Release|Any CPU
		{7CAAD7E7-BE59-40F9-AA11-3A3231BC3029}.Release|Any CPU.Build.0 = Release|Any CPU
		{779D3B1C-1CA1-4216-8AA4-C861426898DD}.Debug|Any CPU.ActiveCfg = Debug|Any CPU
		{779D3B1C-1CA1-4216-8AA4-C861426898DD}.Debug|Any CPU.Build.0 = Debug|Any CPU
		{779D3B1C-1CA1-4216-8AA4-C861426898DD}.Release|Any CPU.ActiveCfg = Release|Any CPU
		{779D3B1C-1CA1-4216-8AA4-C861426898DD}.Release|Any CPU.Build.0 = Release|Any CPU
		{A3F03905-032A-49E0-90D6-3CF5CDF72A37}.Debug|Any CPU.ActiveCfg = Debug|Any CPU
		{A3F03905-032A-49E0-90D6-3CF5CDF72A37}.Debug|Any CPU.Build.0 = Debug|Any CPU
		{A3F03905-032A-49E0-90D6-3CF5CDF72A37}.Release|Any CPU.ActiveCfg = Release|Any CPU
		{A3F03905-032A-49E0-90D6-3CF5CDF72A37}.Release|Any CPU.Build.0 = Release|Any CPU
	EndGlobalSection
	GlobalSection(SolutionProperties) = preSolution
		HideSolutionNode = FALSE
	EndGlobalSection
	GlobalSection(ExtensibilityGlobals) = postSolution
		SolutionGuid = {8E9FA7C8-FD3C-4A0D-82AF-5923FF0350B5}
	EndGlobalSection
EndGlobal
